Microsoft Visual Studio Solution File, Format Version 12.00
# Visual Studio Version 17
VisualStudioVersion = 17.5.2.0
MinimumVisualStudioVersion = 10.0.40219.1
Project("{FAE04EC0-301F-11D3-BF4B-00C04F79EFBC}") = "FitFocus.Api", "FitFocus.Api\FitFocus.Api.csproj", "{86828D32-7BD5-0EC0-CB8B-3B5F88FF2126}"
EndProject
Global
	GlobalSection(SolutionConfigurationPlatforms) = preSolution
		Debug|Any CPU = Debug|Any CPU
		Release|Any CPU = Release|Any CPU
	EndGlobalSection
	GlobalSection(ProjectConfigurationPlatforms) = postSolution
		{86828D32-7BD5-0EC0-CB8B-3B5F88FF2126}.Debug|Any CPU.ActiveCfg = Debug|Any CPU
		{86828D32-7BD5-0EC0-CB8B-3B5F88FF2126}.Debug|Any CPU.Build.0 = Debug|Any CPU
		{86828D32-7BD5-0EC0-CB8B-3B5F88FF2126}.Release|Any CPU.ActiveCfg = Release|Any CPU
		{86828D32-7BD5-0EC0-CB8B-3B5F88FF2126}.Release|Any CPU.Build.0 = Release|Any CPU
	EndGlobalSection
	GlobalSection(SolutionProperties) = preSolution
		HideSolutionNode = FALSE
	EndGlobalSection
	GlobalSection(ExtensibilityGlobals) = postSolution
		SolutionGuid = {3D30A71E-293B-4C4F-9F0F-C1B395CE604F}
	EndGlobalSection
EndGlobal
